{
  "version": 4,
  "terraform_version": "1.11.3",
  "serial": 4,
  "lineage": "e0b38ae5-f9c1-e483-0711-9bd3404b1296",
  "outputs": {
    "created_files": {
      "value": [
        "./fichier1.txt",
        "./fichier2.txt",
        "./fichier3.txt"
      ],
      "type": [
        "tuple",
        [
          "string",
          "string",
          "string"
        ]
      ]
    }
  },
  "resources": [
    {
      "mode": "managed",
      "type": "local_file",
      "name": "file_names",
      "provider": "provider[\"registry.terraform.io/hashicorp/local\"]",
      "instances": [
        {
          "index_key": 0,
          "schema_version": 0,
          "attributes": {
            "content": "Ceci est le fichier : fichier1.txt",
            "content_base64": null,
            "content_base64sha256": "i+j7JvKBo9O3F/1eO140eUW7JfAdPJQmDIhn95whnn8=",
            "content_base64sha512": "9YBtqAJSunWNWjJyV/AkISz4mZzYyMnhJ1K182XugSEUvp1Jc/tjGw0olJe2PpU98ctlvMOx4cgN/LkkG6D9mQ==",
            "content_md5": "096db5610c1ac9c987b0510405f96310",
            "content_sha1": "d8b1182973167e573dbc93f8235bcee338ad8949",
            "content_sha256": "8be8fb26f281a3d3b717fd5e3b5e347945bb25f01d3c94260c8867f79c219e7f",
            "content_sha512": "f5806da80252ba758d5a327257f024212cf8999cd8c8c9e12752b5f365ee812114be9d4973fb631b0d289497b63e953df1cb65bcc3b1e1c80dfcb9241ba0fd99",
            "directory_permission": "0777",
            "file_permission": "0777",
            "filename": "./fichier1.txt",
            "id": "d8b1182973167e573dbc93f8235bcee338ad8949",
            "sensitive_content": null,
            "source": null
          },
          "sensitive_attributes": [
            [
              {
                "type": "get_attr",
                "value": "sensitive_content"
              }
            ]
          ]
        },
        {
          "index_key": 1,
          "schema_version": 0,
          "attributes": {
            "content": "Ceci est le fichier : fichier2.txt",
            "content_base64": null,
            "content_base64sha256": "DLj4AjxJDiiUPaDb/Yw7NN0yuLgpqCxN9/i8E9WmgBw=",
            "content_base64sha512": "6RDCyWE/c9y57tQg8ktDfSfLlOS8zAmsonrPe2/pfSEKAIkmoyiQRoC3rCngOLLinCaVZbPftL6YiMgF5bb5Hw==",
            "content_md5": "6472760f86aaa8aa8cb2adb67a8d68f4",
            "content_sha1": "a4623b31bf12dc1f5d7d9a97d586ca2a9e54e45d",
            "content_sha256": "0cb8f8023c490e28943da0dbfd8c3b34dd32b8b829a82c4df7f8bc13d5a6801c",
            "content_sha512": "e910c2c9613f73dcb9eed420f24b437d27cb94e4bccc09aca27acf7b6fe97d210a008926a328904680b7ac29e038b2e29c269565b3dfb4be9888c805e5b6f91f",
            "directory_permission": "0777",
            "file_permission": "0777",
            "filename": "./fichier2.txt",
            "id": "a4623b31bf12dc1f5d7d9a97d586ca2a9e54e45d",
            "sensitive_content": null,
            "source": null
          },
          "sensitive_attributes": [
            [
              {
                "type": "get_attr",
                "value": "sensitive_content"
              }
            ]
          ]
        },
        {
          "index_key": 2,
          "schema_version": 0,
          "attributes": {
            "content": "Ceci est le fichier : fichier3.txt",
            "content_base64": null,
            "content_base64sha256": "GFP1DfuaEk0o7qcmFrwZiDjStq+an6vxyS6aKUnoM+Q=",
            "content_base64sha512": "5ChFc6NZkxlHxkVwYwCn33Efe4sP6qa1OyELPyuOZuJ7cMrFUdQGs8ArAlf55RZyH61226v+92Ex05Jford6JA==",
            "content_md5": "f2c5a6c6746a4dab77d4a179a9477d13",
            "content_sha1": "f0402342873e84683b0a60b432ba8bba94791123",
            "content_sha256": "1853f50dfb9a124d28eea72616bc198838d2b6af9a9fabf1c92e9a2949e833e4",
            "content_sha512": "e4284573a359931947c645706300a7df711f7b8b0feaa6b53b210b3f2b8e66e27b70cac551d406b3c02b0257f9e516721fad76dbabfef76131d3925fa2b77a24",
            "directory_permission": "0777",
            "file_permission": "0777",
            "filename": "./fichier3.txt",
            "id": "f0402342873e84683b0a60b432ba8bba94791123",
            "sensitive_content": null,
            "source": null
          },
          "sensitive_attributes": [
            [
              {
                "type": "get_attr",
                "value": "sensitive_content"
              }
            ]
          ]
        }
      ]
    }
  ],
  "check_results": null
}
